
Microsoft Visual Studio Solution File, Format Version 12.00
# Visual Studio Version 17
VisualStudioVersion = 17.0.31903.59
MinimumVisualStudioVersion = 10.0.40219.1
Project("{FAE04EC0-301F-11D3-BF4B-00C04F79EFBC}") = "AFSTranslator", "AFSTranslator\AFSTranslator.csproj", "{15BF09A9-8500-42FF-B31E-565DB2FD94CF}"
EndProject
Project("{FAE04EC0-301F-11D3-BF4B-00C04F79EFBC}") = "AFSTranslator.Tests", "AFSTranslator.Tests\AFSTranslator.Tests.csproj", "{1D2B90F2-9352-41A2-90A4-FAC7D9277D82}"
EndProject
Global
	GlobalSection(SolutionConfigurationPlatforms) = preSolution
		Debug|Any CPU = Debug|Any CPU
		Release|Any CPU = Release|Any CPU
	EndGlobalSection
	GlobalSection(SolutionProperties) = preSolution
		HideSolutionNode = FALSE
	EndGlobalSection
	GlobalSection(ProjectConfigurationPlatforms) = postSolution
		{15BF09A9-8500-42FF-B31E-565DB2FD94CF}.Debug|Any CPU.ActiveCfg = Debug|Any CPU
		{15BF09A9-8500-42FF-B31E-565DB2FD94CF}.Debug|Any CPU.Build.0 = Debug|Any CPU
		{15BF09A9-8500-42FF-B31E-565DB2FD94CF}.Release|Any CPU.ActiveCfg = Release|Any CPU
		{15BF09A9-8500-42FF-B31E-565DB2FD94CF}.Release|Any CPU.Build.0 = Release|Any CPU
		{1D2B90F2-9352-41A2-90A4-FAC7D9277D82}.Debug|Any CPU.ActiveCfg = Debug|Any CPU
		{1D2B90F2-9352-41A2-90A4-FAC7D9277D82}.Debug|Any CPU.Build.0 = Debug|Any CPU
		{1D2B90F2-9352-41A2-90A4-FAC7D9277D82}.Release|Any CPU.ActiveCfg = Release|Any CPU
		{1D2B90F2-9352-41A2-90A4-FAC7D9277D82}.Release|Any CPU.Build.0 = Release|Any CPU
	EndGlobalSection
EndGlobal
